
Microsoft Visual Studio Solution File, Format Version 12.00
# Visual Studio Version 17
VisualStudioVersion = 17.12.35527.113 d17.12
MinimumVisualStudioVersion = 10.0.40219.1
Project("{FAE04EC0-301F-11D3-BF4B-00C04F79EFBC}") = "VacationApp", "VacationApp\VacationApp.csproj", "{B98CE60A-59B6-42C9-A2D3-AE4722D9F6FB}"
EndProject
Global
	GlobalSection(SolutionConfigurationPlatforms) = preSolution
		Debug|Any CPU = Debug|Any CPU
		Release|Any CPU = Release|Any CPU
	EndGlobalSection
	GlobalSection(ProjectConfigurationPlatforms) = postSolution
		{B98CE60A-59B6-42C9-A2D3-AE4722D9F6FB}.Debug|Any CPU.ActiveCfg = Debug|Any CPU
		{B98CE60A-59B6-42C9-A2D3-AE4722D9F6FB}.Debug|Any CPU.Build.0 = Debug|Any CPU
		{B98CE60A-59B6-42C9-A2D3-AE4722D9F6FB}.Release|Any CPU.ActiveCfg = Release|Any CPU
		{B98CE60A-59B6-42C9-A2D3-AE4722D9F6FB}.Release|Any CPU.Build.0 = Release|Any CPU
	EndGlobalSection
	GlobalSection(SolutionProperties) = preSolution
		HideSolutionNode = FALSE
	EndGlobalSection
EndGlobal
